
Microsoft Visual Studio Solution File, Format Version 12.00
# Visual Studio Version 17
VisualStudioVersion = 17.2.32616.157
MinimumVisualStudioVersion = 10.0.40219.1
Project("{9A19103F-16F7-4668-BE54-9A1E7A4F7556}") = "StudioLaValse.ScoreDocument", "StudioLaValse.ScoreDocument\StudioLaValse.ScoreDocument.csproj", "{0E2FF98E-B2E6-48B9-9A41-5A4AA67AFAB6}"
EndProject
Project("{9A19103F-16F7-4668-BE54-9A1E7A4F7556}") = "StudioLaValse.ScoreDocument.Drawable", "StudioLaValse.ScoreDocument.Drawable\StudioLaValse.ScoreDocument.Drawable.csproj", "{CB4D9B8C-ED34-43F8-9A09-794443FE532B}"
EndProject
Project("{9A19103F-16F7-4668-BE54-9A1E7A4F7556}") = "StudioLaValse.ScoreDocument.Tests", "StudioLaValse.ScoreDocument.Tests\StudioLaValse.ScoreDocument.Tests.csproj", "{6D0E1686-0C05-48D6-AE15-7F25AD9CE8AF}"
EndProject
Project("{9A19103F-16F7-4668-BE54-9A1E7A4F7556}") = "StudioLaValse.ScoreDocument.MusicXml", "StudioLaValse.ScoreDocument.MusicXml\StudioLaValse.ScoreDocument.MusicXml.csproj", "{0C32E1F9-5D93-41EE-BDEF-DD180B410467}"
EndProject
Project("{9A19103F-16F7-4668-BE54-9A1E7A4F7556}") = "StudioLaValse.ScoreDocument.Core", "StudioLaValse.ScoreDocument.Core\StudioLaValse.ScoreDocument.Core.csproj", "{27D153AF-9E06-4F33-8E05-64E47388AC19}"
EndProject
Project("{9A19103F-16F7-4668-BE54-9A1E7A4F7556}") = "StudioLaValse.ScoreDocument.Models", "StudioLaValse.ScoreDocument.Models\StudioLaValse.ScoreDocument.Models.csproj", "{3B807BF2-94E1-48A0-BCA5-FE9DAC431C30}"
EndProject
Project("{9A19103F-16F7-4668-BE54-9A1E7A4F7556}") = "StudioLaValse.ScoreDocument.Implementation", "StudioLaValse.ScoreDocument.Implementation\StudioLaValse.ScoreDocument.Implementation.csproj", "{7EA9ACB8-7C68-498D-B257-EF220BD270BA}"
EndProject
Project("{9A19103F-16F7-4668-BE54-9A1E7A4F7556}") = "StudioLaValse.ScoreDocument.GlyphLibrary", "StudioLaValse.ScoreDocument.GlyphLibrary\StudioLaValse.ScoreDocument.GlyphLibrary.csproj", "{2223591B-A261-44AD-9BB2-B8135BF17A09}"
EndProject
Project("{FAE04EC0-301F-11D3-BF4B-00C04F79EFBC}") = "StudioLaValse.ScoreDocument.Tests.Svg", "StudioLaValse.ScoreDocument.Tests.Svg\StudioLaValse.ScoreDocument.Tests.Svg.csproj", "{7CD71516-57A3-4F96-B0AE-A2CBA4B39DA1}"
EndProject
Global
	GlobalSection(SolutionConfigurationPlatforms) = preSolution
		Debug|Any CPU = Debug|Any CPU
		Release|Any CPU = Release|Any CPU
	EndGlobalSection
	GlobalSection(ProjectConfigurationPlatforms) = postSolution
		{0E2FF98E-B2E6-48B9-9A41-5A4AA67AFAB6}.Debug|Any CPU.ActiveCfg = Debug|Any CPU
		{0E2FF98E-B2E6-48B9-9A41-5A4AA67AFAB6}.Debug|Any CPU.Build.0 = Debug|Any CPU
		{0E2FF98E-B2E6-48B9-9A41-5A4AA67AFAB6}.Release|Any CPU.ActiveCfg = Release|Any CPU
		{0E2FF98E-B2E6-48B9-9A41-5A4AA67AFAB6}.Release|Any CPU.Build.0 = Release|Any CPU
		{CB4D9B8C-ED34-43F8-9A09-794443FE532B}.Debug|Any CPU.ActiveCfg = Debug|Any CPU
		{CB4D9B8C-ED34-43F8-9A09-794443FE532B}.Debug|Any CPU.Build.0 = Debug|Any CPU
		{CB4D9B8C-ED34-43F8-9A09-794443FE532B}.Release|Any CPU.ActiveCfg = Release|Any CPU
		{CB4D9B8C-ED34-43F8-9A09-794443FE532B}.Release|Any CPU.Build.0 = Release|Any CPU
		{6D0E1686-0C05-48D6-AE15-7F25AD9CE8AF}.Debug|Any CPU.ActiveCfg = Debug|Any CPU
		{6D0E1686-0C05-48D6-AE15-7F25AD9CE8AF}.Debug|Any CPU.Build.0 = Debug|Any CPU
		{6D0E1686-0C05-48D6-AE15-7F25AD9CE8AF}.Release|Any CPU.ActiveCfg = Release|Any CPU
		{6D0E1686-0C05-48D6-AE15-7F25AD9CE8AF}.Release|Any CPU.Build.0 = Release|Any CPU
		{0C32E1F9-5D93-41EE-BDEF-DD180B410467}.Debug|Any CPU.ActiveCfg = Debug|Any CPU
		{0C32E1F9-5D93-41EE-BDEF-DD180B410467}.Debug|Any CPU.Build.0 = Debug|Any CPU
		{0C32E1F9-5D93-41EE-BDEF-DD180B410467}.Release|Any CPU.ActiveCfg = Release|Any CPU
		{0C32E1F9-5D93-41EE-BDEF-DD180B410467}.Release|Any CPU.Build.0 = Release|Any CPU
		{27D153AF-9E06-4F33-8E05-64E47388AC19}.Debug|Any CPU.ActiveCfg = Debug|Any CPU
		{27D153AF-9E06-4F33-8E05-64E47388AC19}.Debug|Any CPU.Build.0 = Debug|Any CPU
		{27D153AF-9E06-4F33-8E05-64E47388AC19}.Release|Any CPU.ActiveCfg = Release|Any CPU
		{27D153AF-9E06-4F33-8E05-64E47388AC19}.Release|Any CPU.Build.0 = Release|Any CPU
		{3B807BF2-94E1-48A0-BCA5-FE9DAC431C30}.Debug|Any CPU.ActiveCfg = Debug|Any CPU
		{3B807BF2-94E1-48A0-BCA5-FE9DAC431C30}.Debug|Any CPU.Build.0 = Debug|Any CPU
		{3B807BF2-94E1-48A0-BCA5-FE9DAC431C30}.Release|Any CPU.ActiveCfg = Release|Any CPU
		{3B807BF2-94E1-48A0-BCA5-FE9DAC431C30}.Release|Any CPU.Build.0 = Release|Any CPU
		{7EA9ACB8-7C68-498D-B257-EF220BD270BA}.Debug|Any CPU.ActiveCfg = Debug|Any CPU
		{7EA9ACB8-7C68-498D-B257-EF220BD270BA}.Debug|Any CPU.Build.0 = Debug|Any CPU
		{7EA9ACB8-7C68-498D-B257-EF220BD270BA}.Release|Any CPU.ActiveCfg = Release|Any CPU
		{7EA9ACB8-7C68-498D-B257-EF220BD270BA}.Release|Any CPU.Build.0 = Release|Any CPU
		{2223591B-A261-44AD-9BB2-B8135BF17A09}.Debug|Any CPU.ActiveCfg = Debug|Any CPU
		{2223591B-A261-44AD-9BB2-B8135BF17A09}.Debug|Any CPU.Build.0 = Debug|Any CPU
		{2223591B-A261-44AD-9BB2-B8135BF17A09}.Release|Any CPU.ActiveCfg = Release|Any CPU
		{2223591B-A261-44AD-9BB2-B8135BF17A09}.Release|Any CPU.Build.0 = Release|Any CPU
		{7CD71516-57A3-4F96-B0AE-A2CBA4B39DA1}.Debug|Any CPU.ActiveCfg = Debug|Any CPU
		{7CD71516-57A3-4F96-B0AE-A2CBA4B39DA1}.Debug|Any CPU.Build.0 = Debug|Any CPU
		{7CD71516-57A3-4F96-B0AE-A2CBA4B39DA1}.Release|Any CPU.ActiveCfg = Release|Any CPU
		{7CD71516-57A3-4F96-B0AE-A2CBA4B39DA1}.Release|Any CPU.Build.0 = Release|Any CPU
	EndGlobalSection
	GlobalSection(SolutionProperties) = preSolution
		HideSolutionNode = FALSE
	EndGlobalSection
	GlobalSection(ExtensibilityGlobals) = postSolution
		SolutionGuid = {24C03C58-E9E3-4B0A-A656-04B97E941DC1}
	EndGlobalSection
EndGlobal
